// !$*UTF8*$!
{
	archiveVersion = 1;
	classes = {
	};
	objectVersion = 52;
	objects = {

/* Begin PBXBuildFile section */
		5E4D75D1243EFC2400C409DF /* AppDelegate.swift in Sources */ = {isa = PBXBuildFile; fileRef = 5E4D75D0243EFC2400C409DF /* AppDelegate.swift */; };
		5E4D75D3243EFC2400C409DF /* ViewController.swift in Sources */ = {isa = PBXBuildFile; fileRef = 5E4D75D2243EFC2400C409DF /* ViewController.swift */; };
		5E4D75D5243EFC2500C409DF /* Assets.xcassets in Resources */ = {isa = PBXBuildFile; fileRef = 5E4D75D4243EFC2500C409DF /* Assets.xcassets */; };
		5E4D75D8243EFC2500C409DF /* Main.storyboard in Resources */ = {isa = PBXBuildFile; fileRef = 5E4D75D6243EFC2500C409DF /* Main.storyboard */; };
		5E4D75E4243F03B000C409DF /* Kanna in Frameworks */ = {isa = PBXBuildFile; productRef = 5E4D75E3243F03B000C409DF /* Kanna */; };
		5E4D75E7243F091F00C409DF /* Alamofire in Frameworks */ = {isa = PBXBuildFile; productRef = 5E4D75E6243F091F00C409DF /* Alamofire */; };
		B6C81D37247169EF0041108D /* Info.swift in Sources */ = {isa = PBXBuildFile; fileRef = B6C81D36247169EF0041108D /* Info.swift */; };
/* End PBXBuildFile section */

/* Begin PBXFileReference section */
		5E4D75CD243EFC2300C409DF /* CoronaCounter.app */ = {isa = PBXFileReference; explicitFileType = wrapper.application; includeInIndex = 0; path = CoronaCounter.app; sourceTree = BUILT_PRODUCTS_DIR; };
		5E4D75D0243EFC2400C409DF /* AppDelegate.swift */ = {isa = PBXFileReference; lastKnownFileType = sourcecode.swift; path = AppDelegate.swift; sourceTree = "<group>"; };
		5E4D75D2243EFC2400C409DF /* ViewController.swift */ = {isa = PBXFileReference; lastKnownFileType = sourcecode.swift; path = ViewController.swift; sourceTree = "<group>"; };
		5E4D75D4243EFC2500C409DF /* Assets.xcassets */ = {isa = PBXFileReference; lastKnownFileType = folder.assetcatalog; path = Assets.xcassets; sourceTree = "<group>"; };
		5E4D75D7243EFC2500C409DF /* Base */ = {isa = PBXFileReference; lastKnownFileType = file.storyboard; name = Base; path = Base.lproj/Main.storyboard; sourceTree = "<group>"; };
		5E4D75D9243EFC2500C409DF /* Info.plist */ = {isa = PBXFileReference; lastKnownFileType = text.plist.xml; path = Info.plist; sourceTree = "<group>"; };
		5E4D75DA243EFC2500C409DF /* CoronaCounter.entitlements */ = {isa = PBXFileReference; lastKnownFileType = text.plist.entitlements; path = CoronaCounter.entitlements; sourceTree = "<group>"; };
		B6C81D36247169EF0041108D /* Info.swift */ = {isa = PBXFileReference; lastKnownFileType = sourcecode.swift; path = Info.swift; sourceTree = "<group>"; };
/* End PBXFileReference section */

/* Begin PBXFrameworksBuildPhase section */
		5E4D75CA243EFC2300C409DF /* Frameworks */ = {
			isa = PBXFrameworksBuildPhase;
			buildActionMask = 2147483647;
			files = (
				5E4D75E4243F03B000C409DF /* Kanna in Frameworks */,
				5E4D75E7243F091F00C409DF /* Alamofire in Frameworks */,
			);
			runOnlyForDeploymentPostprocessing = 0;
		};
/* End PBXFrameworksBuildPhase section */

/* Begin PBXGroup section */
		5E4D75C4243EFC2300C409DF = {
			isa = PBXGroup;
			children = (
				5E4D75CF243EFC2300C409DF /* CoronaCounter */,
				5E4D75CE243EFC2300C409DF /* Products */,
			);
			sourceTree = "<group>";
		};
		5E4D75CE243EFC2300C409DF /* Products */ = {
			isa = PBXGroup;
			children = (
				5E4D75CD243EFC2300C409DF /* CoronaCounter.app */,
			);
			name = Products;
			sourceTree = "<group>";
		};
		5E4D75CF243EFC2300C409DF /* CoronaCounter */ = {
			isa = PBXGroup;
			children = (
				B6C81D3924716A310041108D /* Model */,
				B6C81D3824716A290041108D /* View */,
				B6C81D3A24716A430041108D /* Controller */,
				5E4D75D9243EFC2500C409DF /* Info.plist */,
				5E4D75DA243EFC2500C409DF /* CoronaCounter.entitlements */,
			);
			path = CoronaCounter;
			sourceTree = "<group>";
		};
		B6C81D3824716A290041108D /* View */ = {
			isa = PBXGroup;
			children = (
				5E4D75D6243EFC2500C409DF /* Main.storyboard */,
				5E4D75D4243EFC2500C409DF /* Assets.xcassets */,
			);
			path = View;
			sourceTree = "<group>";
		};
		B6C81D3924716A310041108D /* Model */ = {
			isa = PBXGroup;
			children = (
				B6C81D36247169EF0041108D /* Info.swift */,
			);
			path = Model;
			sourceTree = "<group>";
		};
		B6C81D3A24716A430041108D /* Controller */ = {
			isa = PBXGroup;
			children = (
				5E4D75D2243EFC2400C409DF /* ViewController.swift */,
				5E4D75D0243EFC2400C409DF /* AppDelegate.swift */,
			);
			path = Controller;
			sourceTree = "<group>";
		};
/* End PBXGroup section */

/* Begin PBXNativeTarget section */
		5E4D75CC243EFC2300C409DF /* CoronaCounter */ = {
			isa = PBXNativeTarget;
			buildConfigurationList = 5E4D75DD243EFC2500C409DF /* Build configuration list for PBXNativeTarget "CoronaCounter" */;
			buildPhases = (
				5E4D75C9243EFC2300C409DF /* Sources */,
				5E4D75CA243EFC2300C409DF /* Frameworks */,
				5E4D75CB243EFC2300C409DF /* Resources */,
			);
			buildRules = (
			);
			dependencies = (
			);
			name = CoronaCounter;
			packageProductDependencies = (
				5E4D75E3243F03B000C409DF /* Kanna */,
				5E4D75E6243F091F00C409DF /* Alamofire */,
			);
			productName = CoronaCounter;
			productReference = 5E4D75CD243EFC2300C409DF /* CoronaCounter.app */;
			productType = "com.apple.product-type.application";
		};
/* End PBXNativeTarget section */

/* Begin PBXProject section */
		5E4D75C5243EFC2300C409DF /* Project object */ = {
			isa = PBXProject;
			attributes = {
				LastSwiftUpdateCheck = 1140;
				LastUpgradeCheck = 1140;
				ORGANIZATIONNAME = "Jiaqi Feng";
				TargetAttributes = {
					5E4D75CC243EFC2300C409DF = {
						CreatedOnToolsVersion = 11.4;
					};
				};
			};
			buildConfigurationList = 5E4D75C8243EFC2300C409DF /* Build configuration list for PBXProject "CoronaCounter" */;
			compatibilityVersion = "Xcode 9.3";
			developmentRegion = en;
			hasScannedForEncodings = 0;
			knownRegions = (
				en,
				Base,
			);
			mainGroup = 5E4D75C4243EFC2300C409DF;
			packageReferences = (
				5E4D75E2243F03B000C409DF /* XCRemoteSwiftPackageReference "Kanna" */,
				5E4D75E5243F091F00C409DF /* XCRemoteSwiftPackageReference "Alamofire" */,
			);
			productRefGroup = 5E4D75CE243EFC2300C409DF /* Products */;
			projectDirPath = "";
			projectRoot = "";
			targets = (
				5E4D75CC243EFC2300C409DF /* CoronaCounter */,
			);
		};
/* End PBXProject section */

/* Begin PBXResourcesBuildPhase section */
		5E4D75CB243EFC2300C409DF /* Resources */ = {
			isa = PBXResourcesBuildPhase;
			buildActionMask = 2147483647;
			files = (
				5E4D75D5243EFC2500C409DF /* Assets.xcassets in Resources */,
				5E4D75D8243EFC2500C409DF /* Main.storyboard in Resources */,
			);
			runOnlyForDeploymentPostprocessing = 0;
		};
/* End PBXResourcesBuildPhase section */

/* Begin PBXSourcesBuildPhase section */
		5E4D75C9243EFC2300C409DF /* Sources */ = {
			isa = PBXSourcesBuildPhase;
			buildActionMask = 2147483647;
			files = (
				5E4D75D3243EFC2400C409DF /* ViewController.swift in Sources */,
				B6C81D37247169EF0041108D /* Info.swift in Sources */,
				5E4D75D1243EFC2400C409DF /* AppDelegate.swift in Sources */,
			);
			runOnlyForDeploymentPostprocessing = 0;
		};
/* End PBXSourcesBuildPhase section */

/* Begin PBXVariantGroup section */
		5E4D75D6243EFC2500C409DF /* Main.storyboard */ = {
			isa = PBXVariantGroup;
			children = (
				5E4D75D7243EFC2500C409DF /* Base */,
			);
			name = Main.storyboard;
			sourceTree = "<group>";
		};
/* End PBXVariantGroup section */

/* Begin XCBuildConfiguration section */
		5E4D75DB243EFC2500C409DF /* Debug */ = {
			isa = XCBuildConfiguration;
			buildSettings = {
				ALWAYS_SEARCH_USER_PATHS = NO;
				CLANG_ANALYZER_NONNULL = YES;
				CLANG_ANALYZER_NUMBER_OBJECT_CONVERSION = YES_AGGRESSIVE;
				CLANG_CXX_LANGUAGE_STANDARD = "gnu++14";
				CLANG_CXX_LIBRARY = "libc++";
				CLANG_ENABLE_MODULES = YES;
				CLANG_ENABLE_OBJC_ARC = YES;
				CLANG_ENABLE_OBJC_WEAK = YES;
				CLANG_WARN_BLOCK_CAPTURE_AUTORELEASING = YES;
				CLANG_WARN_BOOL_CONVERSION = YES;
				CLANG_WARN_COMMA = YES;
				CLANG_WARN_CONSTANT_CONVERSION = YES;
				CLANG_WARN_DEPRECATED_OBJC_IMPLEMENTATIONS = YES;
				CLANG_WARN_DIRECT_OBJC_ISA_USAGE = YES_ERROR;
				CLANG_WARN_DOCUMENTATION_COMMENTS = YES;
				CLANG_WARN_EMPTY_BODY = YES;
				CLANG_WARN_ENUM_CONVERSION = YES;
				CLANG_WARN_INFINITE_RECURSION = YES;
				CLANG_WARN_INT_CONVERSION = YES;
				CLANG_WARN_NON_LITERAL_NULL_CONVERSION = YES;
				CLANG_WARN_OBJC_IMPLICIT_RETAIN_SELF = YES;
				CLANG_WARN_OBJC_LITERAL_CONVERSION = YES;
				CLANG_WARN_OBJC_ROOT_CLASS = YES_ERROR;
				CLANG_WARN_RANGE_LOOP_ANALYSIS = YES;
				CLANG_WARN_STRICT_PROTOTYPES = YES;
				CLANG_WARN_SUSPICIOUS_MOVE = YES;
				CLANG_WARN_UNGUARDED_AVAILABILITY = YES_AGGRESSIVE;
				CLANG_WARN_UNREACHABLE_CODE = YES;
				CLANG_WARN__DUPLICATE_METHOD_MATCH = YES;
				CODE_SIGN_IDENTITY = "Apple Distribution: Jiaqi Feng (QMWX3X2NF7)";
				CODE_SIGN_STYLE = Automatic;
				COPY_PHASE_STRIP = NO;
				DEBUG_INFORMATION_FORMAT = dwarf;
				DEVELOPMENT_TEAM = QMWX3X2NF7;
				ENABLE_STRICT_OBJC_MSGSEND = YES;
				ENABLE_TESTABILITY = YES;
				GCC_C_LANGUAGE_STANDARD = gnu11;
				GCC_DYNAMIC_NO_PIC = NO;
				GCC_NO_COMMON_BLOCKS = YES;
				GCC_OPTIMIZATION_LEVEL = 0;
				GCC_PREPROCESSOR_DEFINITIONS = (
					"DEBUG=1",
					"$(inherited)",
				);
				GCC_WARN_64_TO_32_BIT_CONVERSION = YES;
				GCC_WARN_ABOUT_RETURN_TYPE = YES_ERROR;
				GCC_WARN_UNDECLARED_SELECTOR = YES;
				GCC_WARN_UNINITIALIZED_AUTOS = YES_AGGRESSIVE;
				GCC_WARN_UNUSED_FUNCTION = YES;
				GCC_WARN_UNUSED_VARIABLE = YES;
				MACOSX_DEPLOYMENT_TARGET = 10.15;
				MTL_ENABLE_DEBUG_INFO = INCLUDE_SOURCE;
				MTL_FAST_MATH = YES;
				ONLY_ACTIVE_ARCH = YES;
				PRODUCT_BUNDLE_IDENTIFIER = jiaqifeng.coronacounter;
				PRODUCT_NAME = CoronaCounter;
				SDKROOT = macosx;
				SWIFT_ACTIVE_COMPILATION_CONDITIONS = DEBUG;
				SWIFT_OPTIMIZATION_LEVEL = "-Onone";
				SWIFT_VERSION = 5.0;
			};
			name = Debug;
		};
		5E4D75DC243EFC2500C409DF /* Release */ = {
			isa = XCBuildConfiguration;
			buildSettings = {
				ALWAYS_SEARCH_USER_PATHS = NO;
				CLANG_ANALYZER_NONNULL = YES;
				CLANG_ANALYZER_NUMBER_OBJECT_CONVERSION = YES_AGGRESSIVE;
				CLANG_CXX_LANGUAGE_STANDARD = "gnu++14";
				CLANG_CXX_LIBRARY = "libc++";
				CLANG_ENABLE_MODULES = YES;
				CLANG_ENABLE_OBJC_ARC = YES;
				CLANG_ENABLE_OBJC_WEAK = YES;
				CLANG_WARN_BLOCK_CAPTURE_AUTORELEASING = YES;
				CLANG_WARN_BOOL_CONVERSION = YES;
				CLANG_WARN_COMMA = YES;
				CLANG_WARN_CONSTANT_CONVERSION = YES;
				CLANG_WARN_DEPRECATED_OBJC_IMPLEMENTATIONS = YES;
				CLANG_WARN_DIRECT_OBJC_ISA_USAGE = YES_ERROR;
				CLANG_WARN_DOCUMENTATION_COMMENTS = YES;
				CLANG_WARN_EMPTY_BODY = YES;
				CLANG_WARN_ENUM_CONVERSION = YES;
				CLANG_WARN_INFINITE_RECURSION = YES;
				CLANG_WARN_INT_CONVERSION = YES;
				CLANG_WARN_NON_LITERAL_NULL_CONVERSION = YES;
				CLANG_WARN_OBJC_IMPLICIT_RETAIN_SELF = YES;
				CLANG_WARN_OBJC_LITERAL_CONVERSION = YES;
				CLANG_WARN_OBJC_ROOT_CLASS = YES_ERROR;
				CLANG_WARN_RANGE_LOOP_ANALYSIS = YES;
				CLANG_WARN_STRICT_PROTOTYPES = YES;
				CLANG_WARN_SUSPICIOUS_MOVE = YES;
				CLANG_WARN_UNGUARDED_AVAILABILITY = YES_AGGRESSIVE;
				CLANG_WARN_UNREACHABLE_CODE = YES;
				CLANG_WARN__DUPLICATE_METHOD_MATCH = YES;
				CODE_SIGN_IDENTITY = "Apple Distribution: Jiaqi Feng (QMWX3X2NF7)";
				CODE_SIGN_STYLE = Automatic;
				COPY_PHASE_STRIP = NO;
				DEBUG_INFORMATION_FORMAT = "dwarf-with-dsym";
				DEVELOPMENT_TEAM = QMWX3X2NF7;
				ENABLE_NS_ASSERTIONS = NO;
				ENABLE_STRICT_OBJC_MSGSEND = YES;
				GCC_C_LANGUAGE_STANDARD = gnu11;
				GCC_NO_COMMON_BLOCKS = YES;
				GCC_WARN_64_TO_32_BIT_CONVERSION = YES;
				GCC_WARN_ABOUT_RETURN_TYPE = YES_ERROR;
				GCC_WARN_UNDECLARED_SELECTOR = YES;
				GCC_WARN_UNINITIALIZED_AUTOS = YES_AGGRESSIVE;
				GCC_WARN_UNUSED_FUNCTION = YES;
				GCC_WARN_UNUSED_VARIABLE = YES;
				MACOSX_DEPLOYMENT_TARGET = 10.15;
				MTL_ENABLE_DEBUG_INFO = NO;
				MTL_FAST_MATH = YES;
				ONLY_ACTIVE_ARCH = YES;
				PRODUCT_BUNDLE_IDENTIFIER = jiaqifeng.coronacounter;
				PRODUCT_NAME = CoronaCounter;
				SDKROOT = macosx;
				SWIFT_COMPILATION_MODE = wholemodule;
				SWIFT_OPTIMIZATION_LEVEL = "-O";
				SWIFT_VERSION = 5.0;
			};
			name = Release;
		};
		5E4D75DE243EFC2500C409DF /* Debug */ = {
			isa = XCBuildConfiguration;
			buildSettings = {
				ASSETCATALOG_COMPILER_APPICON_NAME = AppIcon;
				CODE_SIGN_ENTITLEMENTS = CoronaCounter/CoronaCounter.entitlements;
				CODE_SIGN_IDENTITY = "Apple Development";
				CODE_SIGN_STYLE = Automatic;
				COMBINE_HIDPI_IMAGES = YES;
				CURRENT_PROJECT_VERSION = 1;
				DEVELOPMENT_TEAM = WHS79257BR;
				ENABLE_HARDENED_RUNTIME = YES;
				INFOPLIST_FILE = CoronaCounter/Info.plist;
				LD_RUNPATH_SEARCH_PATHS = (
					"$(inherited)",
					"@executable_path/../Frameworks",
				);
				MACOSX_DEPLOYMENT_TARGET = 10.12;
				MARKETING_VERSION = 1.1;
				PRODUCT_BUNDLE_IDENTIFIER = gaibb.CoronaCounter;
				PRODUCT_NAME = "$(TARGET_NAME)";
				PROVISIONING_PROFILE_SPECIFIER = "";
				SWIFT_VERSION = 5.0;
			};
			name = Debug;
		};
		5E4D75DF243EFC2500C409DF /* Release */ = {
			isa = XCBuildConfiguration;
			buildSettings = {
				ASSETCATALOG_COMPILER_APPICON_NAME = AppIcon;
				CODE_SIGN_ENTITLEMENTS = CoronaCounter/CoronaCounter.entitlements;
				CODE_SIGN_IDENTITY = "Apple Development";
				CODE_SIGN_STYLE = Automatic;
				COMBINE_HIDPI_IMAGES = YES;
				CURRENT_PROJECT_VERSION = 1;
				DEVELOPMENT_TEAM = WHS79257BR;
				ENABLE_HARDENED_RUNTIME = YES;
				INFOPLIST_FILE = CoronaCounter/Info.plist;
				LD_RUNPATH_SEARCH_PATHS = (
					"$(inherited)",
					"@executable_path/../Frameworks",
				);
				MACOSX_DEPLOYMENT_TARGET = 10.12;
				MARKETING_VERSION = 1.1;
				PRODUCT_BUNDLE_IDENTIFIER = gaibb.CoronaCounter;
				PRODUCT_NAME = "$(TARGET_NAME)";
				PROVISIONING_PROFILE_SPECIFIER = "";
				SWIFT_VERSION = 5.0;
			};
			name = Release;
		};
/* End XCBuildConfiguration section */

/* Begin XCConfigurationList section */
		5E4D75C8243EFC2300C409DF /* Build configuration list for PBXProject "CoronaCounter" */ = {
			isa = XCConfigurationList;
			buildConfigurations = (
				5E4D75DB243EFC2500C409DF /* Debug */,
				5E4D75DC243EFC2500C409DF /* Release */,
			);
			defaultConfigurationIsVisible = 0;
			defaultConfigurationName = Release;
		};
		5E4D75DD243EFC2500C409DF /* Build configuration list for PBXNativeTarget "CoronaCounter" */ = {
			isa = XCConfigurationList;
			buildConfigurations = (
				5E4D75DE243EFC2500C409DF /* Debug */,
				5E4D75DF243EFC2500C409DF /* Release */,
			);
			defaultConfigurationIsVisible = 0;
			defaultConfigurationName = Release;
		};
/* End XCConfigurationList section */

/* Begin XCRemoteSwiftPackageReference section */
		5E4D75E2243F03B000C409DF /* XCRemoteSwiftPackageReference "Kanna" */ = {
			isa = XCRemoteSwiftPackageReference;
			repositoryURL = "https://github.com/tid-kijyun/Kanna.git";
			requirement = {
				kind = upToNextMajorVersion;
				minimumVersion = 5.2.2;
			};
		};
		5E4D75E5243F091F00C409DF /* XCRemoteSwiftPackageReference "Alamofire" */ = {
			isa = XCRemoteSwiftPackageReference;
			repositoryURL = "https://github.com/Alamofire/Alamofire.git";
			requirement = {
				kind = upToNextMajorVersion;
				minimumVersion = 5.1.0;
			};
		};
/* End XCRemoteSwiftPackageReference section */

/* Begin XCSwiftPackageProductDependency section */
		5E4D75E3243F03B000C409DF /* Kanna */ = {
			isa = XCSwiftPackageProductDependency;
			package = 5E4D75E2243F03B000C409DF /* XCRemoteSwiftPackageReference "Kanna" */;
			productName = Kanna;
		};
		5E4D75E6243F091F00C409DF /* Alamofire */ = {
			isa = XCSwiftPackageProductDependency;
			package = 5E4D75E5243F091F00C409DF /* XCRemoteSwiftPackageReference "Alamofire" */;
			productName = Alamofire;
		};
/* End XCSwiftPackageProductDependency section */
	};
	rootObject = 5E4D75C5243EFC2300C409DF /* Project object */;
}
